
Microsoft Visual Studio Solution File, Format Version 12.00
Project("{FAE04EC0-301F-11D3-BF4B-00C04F79EFBC}") = "P1 People", "P1 People\P1 People.csproj", "{F7EB8A2A-5EE7-4894-8D6A-E73F0E983D8F}"
EndProject
Project("{FAE04EC0-301F-11D3-BF4B-00C04F79EFBC}") = "P1.1 Classes", "P1.1 Classes\P1.1 Classes.csproj", "{5420090A-66A2-4769-9C43-1DF710050A82}"
EndProject
Project("{FAE04EC0-301F-11D3-BF4B-00C04F79EFBC}") = "P2.1 Player gold", "P2.1 Player gold\P2.1 Player gold.csproj", "{8B04D815-C29C-4BDA-8B22-65F96CB230CD}"
EndProject
Project("{FAE04EC0-301F-11D3-BF4B-00C04F79EFBC}") = "P2.2 Item Values", "P2.2 Item Values\P2.2 Item Values.csproj", "{47D7CA2F-53CD-4B02-AC48-817311386E31}"
EndProject
Project("{FAE04EC0-301F-11D3-BF4B-00C04F79EFBC}") = "P2 Fields", "P2 Fields\P2 Fields.csproj", "{2A332322-0605-48B1-A368-D7FD63409A4A}"
EndProject
Project("{FAE04EC0-301F-11D3-BF4B-00C04F79EFBC}") = "P3 Level Up", "P3 Level Up\P3 Level Up.csproj", "{D96A7625-86C2-4595-AE00-91C78A0F7D77}"
EndProject
Project("{FAE04EC0-301F-11D3-BF4B-00C04F79EFBC}") = "P3.1 Level up plus", "P3.1 Level up plus\P3.1 Level up plus.csproj", "{328CA896-4000-4CE3-8ADB-A2432BD9A1B2}"
EndProject
Global
	GlobalSection(SolutionConfigurationPlatforms) = preSolution
		Debug|Any CPU = Debug|Any CPU
		Release|Any CPU = Release|Any CPU
	EndGlobalSection
	GlobalSection(ProjectConfigurationPlatforms) = postSolution
		{F7EB8A2A-5EE7-4894-8D6A-E73F0E983D8F}.Debug|Any CPU.ActiveCfg = Debug|Any CPU
		{F7EB8A2A-5EE7-4894-8D6A-E73F0E983D8F}.Debug|Any CPU.Build.0 = Debug|Any CPU
		{F7EB8A2A-5EE7-4894-8D6A-E73F0E983D8F}.Release|Any CPU.ActiveCfg = Release|Any CPU
		{F7EB8A2A-5EE7-4894-8D6A-E73F0E983D8F}.Release|Any CPU.Build.0 = Release|Any CPU
		{5420090A-66A2-4769-9C43-1DF710050A82}.Debug|Any CPU.ActiveCfg = Debug|Any CPU
		{5420090A-66A2-4769-9C43-1DF710050A82}.Debug|Any CPU.Build.0 = Debug|Any CPU
		{5420090A-66A2-4769-9C43-1DF710050A82}.Release|Any CPU.ActiveCfg = Release|Any CPU
		{5420090A-66A2-4769-9C43-1DF710050A82}.Release|Any CPU.Build.0 = Release|Any CPU
		{8B04D815-C29C-4BDA-8B22-65F96CB230CD}.Debug|Any CPU.ActiveCfg = Debug|Any CPU
		{8B04D815-C29C-4BDA-8B22-65F96CB230CD}.Debug|Any CPU.Build.0 = Debug|Any CPU
		{8B04D815-C29C-4BDA-8B22-65F96CB230CD}.Release|Any CPU.ActiveCfg = Release|Any CPU
		{8B04D815-C29C-4BDA-8B22-65F96CB230CD}.Release|Any CPU.Build.0 = Release|Any CPU
		{47D7CA2F-53CD-4B02-AC48-817311386E31}.Debug|Any CPU.ActiveCfg = Debug|Any CPU
		{47D7CA2F-53CD-4B02-AC48-817311386E31}.Debug|Any CPU.Build.0 = Debug|Any CPU
		{47D7CA2F-53CD-4B02-AC48-817311386E31}.Release|Any CPU.ActiveCfg = Release|Any CPU
		{47D7CA2F-53CD-4B02-AC48-817311386E31}.Release|Any CPU.Build.0 = Release|Any CPU
		{2A332322-0605-48B1-A368-D7FD63409A4A}.Debug|Any CPU.ActiveCfg = Debug|Any CPU
		{2A332322-0605-48B1-A368-D7FD63409A4A}.Debug|Any CPU.Build.0 = Debug|Any CPU
		{2A332322-0605-48B1-A368-D7FD63409A4A}.Release|Any CPU.ActiveCfg = Release|Any CPU
		{2A332322-0605-48B1-A368-D7FD63409A4A}.Release|Any CPU.Build.0 = Release|Any CPU
		{D96A7625-86C2-4595-AE00-91C78A0F7D77}.Debug|Any CPU.ActiveCfg = Debug|Any CPU
		{D96A7625-86C2-4595-AE00-91C78A0F7D77}.Debug|Any CPU.Build.0 = Debug|Any CPU
		{D96A7625-86C2-4595-AE00-91C78A0F7D77}.Release|Any CPU.ActiveCfg = Release|Any CPU
		{D96A7625-86C2-4595-AE00-91C78A0F7D77}.Release|Any CPU.Build.0 = Release|Any CPU
		{328CA896-4000-4CE3-8ADB-A2432BD9A1B2}.Debug|Any CPU.ActiveCfg = Debug|Any CPU
		{328CA896-4000-4CE3-8ADB-A2432BD9A1B2}.Debug|Any CPU.Build.0 = Debug|Any CPU
		{328CA896-4000-4CE3-8ADB-A2432BD9A1B2}.Release|Any CPU.ActiveCfg = Release|Any CPU
		{328CA896-4000-4CE3-8ADB-A2432BD9A1B2}.Release|Any CPU.Build.0 = Release|Any CPU
	EndGlobalSection
EndGlobal
